// !$*UTF8*$!
{
	archiveVersion = 1;
	classes = {
	};
	objectVersion = 45;
	objects = {

/* Begin PBXBuildFile section */
		8DD76F9A0486AA7600D96B5E /* MapDBImporter.m in Sources */ = {isa = PBXBuildFile; fileRef = 08FB7796FE84155DC02AAC07 /* MapDBImporter.m */; settings = {ATTRIBUTES = (); }; };
		8DD76F9C0486AA7600D96B5E /* Foundation.framework in Frameworks */ = {isa = PBXBuildFile; fileRef = 08FB779EFE84155DC02AAC07 /* Foundation.framework */; };
		8DD76F9F0486AA7600D96B5E /* MapDBImporter.1 in CopyFiles */ = {isa = PBXBuildFile; fileRef = C6859EA3029092ED04C91782 /* MapDBImporter.1 */; };
		DD5FC42111C8572E0026F76B /* libsqlite3.dylib in Frameworks */ = {isa = PBXBuildFile; fileRef = DD5FC42011C8572E0026F76B /* libsqlite3.dylib */; };
		DD5FC61511C8AC580026F76B /* libcrypto.dylib in Frameworks */ = {isa = PBXBuildFile; fileRef = DD5FC61411C8AC580026F76B /* libcrypto.dylib */; };
		DD72C33F11E5392E0030C637 /* FMDatabase.m in Sources */ = {isa = PBXBuildFile; fileRef = DD72C33A11E5392E0030C637 /* FMDatabase.m */; };
		DD72C34011E5392E0030C637 /* FMDatabaseAdditions.m in Sources */ = {isa = PBXBuildFile; fileRef = DD72C33C11E5392E0030C637 /* FMDatabaseAdditions.m */; };
		DD72C34111E5392E0030C637 /* FMResultSet.m in Sources */ = {isa = PBXBuildFile; fileRef = DD72C33E11E5392E0030C637 /* FMResultSet.m */; };
/* End PBXBuildFile section */

/* Begin PBXCopyFilesBuildPhase section */
		8DD76F9E0486AA7600D96B5E /* CopyFiles */ = {
			isa = PBXCopyFilesBuildPhase;
			buildActionMask = 8;
			dstPath = /usr/share/man/man1/;
			dstSubfolderSpec = 0;
			files = (
				8DD76F9F0486AA7600D96B5E /* MapDBImporter.1 in CopyFiles */,
			);
			runOnlyForDeploymentPostprocessing = 1;
		};
/* End PBXCopyFilesBuildPhase section */

/* Begin PBXFileReference section */
		08FB7796FE84155DC02AAC07 /* MapDBImporter.m */ = {isa = PBXFileReference; fileEncoding = 4; lastKnownFileType = sourcecode.c.objc; path = MapDBImporter.m; sourceTree = "<group>"; };
		08FB779EFE84155DC02AAC07 /* Foundation.framework */ = {isa = PBXFileReference; lastKnownFileType = wrapper.framework; name = Foundation.framework; path = /System/Library/Frameworks/Foundation.framework; sourceTree = "<absolute>"; };
		32A70AAB03705E1F00C91783 /* MapDBImporter_Prefix.pch */ = {isa = PBXFileReference; fileEncoding = 4; lastKnownFileType = sourcecode.c.h; path = MapDBImporter_Prefix.pch; sourceTree = "<group>"; };
		8DD76FA10486AA7600D96B5E /* MapDBImporter */ = {isa = PBXFileReference; explicitFileType = "compiled.mach-o.executable"; includeInIndex = 0; path = MapDBImporter; sourceTree = BUILT_PRODUCTS_DIR; };
		C6859EA3029092ED04C91782 /* MapDBImporter.1 */ = {isa = PBXFileReference; lastKnownFileType = text.man; path = MapDBImporter.1; sourceTree = "<group>"; };
		DD5FC42011C8572E0026F76B /* libsqlite3.dylib */ = {isa = PBXFileReference; lastKnownFileType = "compiled.mach-o.dylib"; name = libsqlite3.dylib; path = /usr/lib/libsqlite3.dylib; sourceTree = "<absolute>"; };
		DD5FC61411C8AC580026F76B /* libcrypto.dylib */ = {isa = PBXFileReference; lastKnownFileType = "compiled.mach-o.dylib"; name = libcrypto.dylib; path = usr/lib/libcrypto.dylib; sourceTree = SDKROOT; };
		DD72C33911E5392E0030C637 /* FMDatabase.h */ = {isa = PBXFileReference; fileEncoding = 4; lastKnownFileType = sourcecode.c.h; name = FMDatabase.h; path = src/FMDatabase.h; sourceTree = "<group>"; };
		DD72C33A11E5392E0030C637 /* FMDatabase.m */ = {isa = PBXFileReference; fileEncoding = 4; lastKnownFileType = sourcecode.c.objc; name = FMDatabase.m; path = src/FMDatabase.m; sourceTree = "<group>"; };
		DD72C33B11E5392E0030C637 /* FMDatabaseAdditions.h */ = {isa = PBXFileReference; fileEncoding = 4; lastKnownFileType = sourcecode.c.h; name = FMDatabaseAdditions.h; path = src/FMDatabaseAdditions.h; sourceTree = "<group>"; };
		DD72C33C11E5392E0030C637 /* FMDatabaseAdditions.m */ = {isa = PBXFileReference; fileEncoding = 4; lastKnownFileType = sourcecode.c.objc; name = FMDatabaseAdditions.m; path = src/FMDatabaseAdditions.m; sourceTree = "<group>"; };
		DD72C33D11E5392E0030C637 /* FMResultSet.h */ = {isa = PBXFileReference; fileEncoding = 4; lastKnownFileType = sourcecode.c.h; name = FMResultSet.h; path = src/FMResultSet.h; sourceTree = "<group>"; };
		DD72C33E11E5392E0030C637 /* FMResultSet.m */ = {isa = PBXFileReference; fileEncoding = 4; lastKnownFileType = sourcecode.c.objc; name = FMResultSet.m; path = src/FMResultSet.m; sourceTree = "<group>"; };
/* End PBXFileReference section */

/* Begin PBXFrameworksBuildPhase section */
		8DD76F9B0486AA7600D96B5E /* Frameworks */ = {
			isa = PBXFrameworksBuildPhase;
			buildActionMask = 2147483647;
			files = (
				8DD76F9C0486AA7600D96B5E /* Foundation.framework in Frameworks */,
				DD5FC42111C8572E0026F76B /* libsqlite3.dylib in Frameworks */,
				DD5FC61511C8AC580026F76B /* libcrypto.dylib in Frameworks */,
			);
			runOnlyForDeploymentPostprocessing = 0;
		};
/* End PBXFrameworksBuildPhase section */

/* Begin PBXGroup section */
		08FB7794FE84155DC02AAC07 /* MapDBImporter */ = {
			isa = PBXGroup;
			children = (
				08FB7795FE84155DC02AAC07 /* Source */,
				C6859EA2029092E104C91782 /* Documentation */,
				08FB779DFE84155DC02AAC07 /* External Frameworks and Libraries */,
				1AB674ADFE9D54B511CA2CBB /* Products */,
			);
			name = MapDBImporter;
			sourceTree = "<group>";
		};
		08FB7795FE84155DC02AAC07 /* Source */ = {
			isa = PBXGroup;
			children = (
				32A70AAB03705E1F00C91783 /* MapDBImporter_Prefix.pch */,
				08FB7796FE84155DC02AAC07 /* MapDBImporter.m */,
				DD6E3A5E11CFFE80007691F3 /* fmdb */,
			);
			name = Source;
			sourceTree = "<group>";
		};
		08FB779DFE84155DC02AAC07 /* External Frameworks and Libraries */ = {
			isa = PBXGroup;
			children = (
				08FB779EFE84155DC02AAC07 /* Foundation.framework */,
				DD5FC42011C8572E0026F76B /* libsqlite3.dylib */,
				DD5FC61411C8AC580026F76B /* libcrypto.dylib */,
			);
			name = "External Frameworks and Libraries";
			sourceTree = "<group>";
		};
		1AB674ADFE9D54B511CA2CBB /* Products */ = {
			isa = PBXGroup;
			children = (
				8DD76FA10486AA7600D96B5E /* MapDBImporter */,
			);
			name = Products;
			sourceTree = "<group>";
		};
		C6859EA2029092E104C91782 /* Documentation */ = {
			isa = PBXGroup;
			children = (
				C6859EA3029092ED04C91782 /* MapDBImporter.1 */,
			);
			name = Documentation;
			sourceTree = "<group>";
		};
		DD6E3A5E11CFFE80007691F3 /* fmdb */ = {
			isa = PBXGroup;
			children = (
				DD72C33911E5392E0030C637 /* FMDatabase.h */,
				DD72C33A11E5392E0030C637 /* FMDatabase.m */,
				DD72C33B11E5392E0030C637 /* FMDatabaseAdditions.h */,
				DD72C33C11E5392E0030C637 /* FMDatabaseAdditions.m */,
				DD72C33D11E5392E0030C637 /* FMResultSet.h */,
				DD72C33E11E5392E0030C637 /* FMResultSet.m */,
			);
			path = fmdb;
			sourceTree = "<group>";
		};
/* End PBXGroup section */

/* Begin PBXNativeTarget section */
		8DD76F960486AA7600D96B5E /* MapDBImporter */ = {
			isa = PBXNativeTarget;
			buildConfigurationList = 1DEB927408733DD40010E9CD /* Build configuration list for PBXNativeTarget "MapDBImporter" */;
			buildPhases = (
				8DD76F990486AA7600D96B5E /* Sources */,
				8DD76F9B0486AA7600D96B5E /* Frameworks */,
				8DD76F9E0486AA7600D96B5E /* CopyFiles */,
			);
			buildRules = (
			);
			dependencies = (
			);
			name = MapDBImporter;
			productInstallPath = "$(HOME)/bin";
			productName = MapDBImporter;
			productReference = 8DD76FA10486AA7600D96B5E /* MapDBImporter */;
			productType = "com.apple.product-type.tool";
		};
/* End PBXNativeTarget section */

/* Begin PBXProject section */
		08FB7793FE84155DC02AAC07 /* Project object */ = {
			isa = PBXProject;
			buildConfigurationList = 1DEB927808733DD40010E9CD /* Build configuration list for PBXProject "MapDBImporter" */;
			compatibilityVersion = "Xcode 3.1";
			hasScannedForEncodings = 1;
			mainGroup = 08FB7794FE84155DC02AAC07 /* MapDBImporter */;
			projectDirPath = "";
			projectRoot = "";
			targets = (
				8DD76F960486AA7600D96B5E /* MapDBImporter */,
			);
		};
/* End PBXProject section */

/* Begin PBXSourcesBuildPhase section */
		8DD76F990486AA7600D96B5E /* Sources */ = {
			isa = PBXSourcesBuildPhase;
			buildActionMask = 2147483647;
			files = (
				8DD76F9A0486AA7600D96B5E /* MapDBImporter.m in Sources */,
				DD72C33F11E5392E0030C637 /* FMDatabase.m in Sources */,
				DD72C34011E5392E0030C637 /* FMDatabaseAdditions.m in Sources */,
				DD72C34111E5392E0030C637 /* FMResultSet.m in Sources */,
			);
			runOnlyForDeploymentPostprocessing = 0;
		};
/* End PBXSourcesBuildPhase section */

/* Begin XCBuildConfiguration section */
		1DEB927508733DD40010E9CD /* Debug */ = {
			isa = XCBuildConfiguration;
			buildSettings = {
				ALWAYS_SEARCH_USER_PATHS = NO;
				COPY_PHASE_STRIP = NO;
				GCC_DYNAMIC_NO_PIC = NO;
				GCC_ENABLE_FIX_AND_CONTINUE = YES;
				GCC_MODEL_TUNING = G5;
				GCC_OPTIMIZATION_LEVEL = 0;
				GCC_PRECOMPILE_PREFIX_HEADER = YES;
				GCC_PREFIX_HEADER = MapDBImporter_Prefix.pch;
				INSTALL_PATH = /usr/local/bin;
				PRODUCT_NAME = MapDBImporter;
			};
			name = Debug;
		};
		1DEB927608733DD40010E9CD /* Release */ = {
			isa = XCBuildConfiguration;
			buildSettings = {
				ALWAYS_SEARCH_USER_PATHS = NO;
				DEBUG_INFORMATION_FORMAT = "dwarf-with-dsym";
				GCC_MODEL_TUNING = G5;
				GCC_PRECOMPILE_PREFIX_HEADER = YES;
				GCC_PREFIX_HEADER = MapDBImporter_Prefix.pch;
				INSTALL_PATH = /usr/local/bin;
				PRODUCT_NAME = MapDBImporter;
			};
			name = Release;
		};
		1DEB927908733DD40010E9CD /* Debug */ = {
			isa = XCBuildConfiguration;
			buildSettings = {
				ARCHS = "$(ARCHS_STANDARD_32_64_BIT)";
				GCC_C_LANGUAGE_STANDARD = gnu99;
				GCC_OPTIMIZATION_LEVEL = 0;
				GCC_WARN_ABOUT_RETURN_TYPE = YES;
				GCC_WARN_UNUSED_VARIABLE = YES;
				ONLY_ACTIVE_ARCH = YES;
				PREBINDING = NO;
				SDKROOT = macosx10.6;
			};
			name = Debug;
		};
		1DEB927A08733DD40010E9CD /* Release */ = {
			isa = XCBuildConfiguration;
			buildSettings = {
				ARCHS = "$(ARCHS_STANDARD_32_64_BIT)";
				GCC_C_LANGUAGE_STANDARD = gnu99;
				GCC_WARN_ABOUT_RETURN_TYPE = YES;
				GCC_WARN_UNUSED_VARIABLE = YES;
				PREBINDING = NO;
				SDKROOT = macosx10.6;
			};
			name = Release;
		};
/* End XCBuildConfiguration section */

/* Begin XCConfigurationList section */
		1DEB927408733DD40010E9CD /* Build configuration list for PBXNativeTarget "MapDBImporter" */ = {
			isa = XCConfigurationList;
			buildConfigurations = (
				1DEB927508733DD40010E9CD /* Debug */,
				1DEB927608733DD40010E9CD /* Release */,
			);
			defaultConfigurationIsVisible = 0;
			defaultConfigurationName = Release;
		};
		1DEB927808733DD40010E9CD /* Build configuration list for PBXProject "MapDBImporter" */ = {
			isa = XCConfigurationList;
			buildConfigurations = (
				1DEB927908733DD40010E9CD /* Debug */,
				1DEB927A08733DD40010E9CD /* Release */,
			);
			defaultConfigurationIsVisible = 0;
			defaultConfigurationName = Release;
		};
/* End XCConfigurationList section */
	};
	rootObject = 08FB7793FE84155DC02AAC07 /* Project object */;
}
